github.com/davecgh/go-spew v1.1.2-0.20180830191138-d8f796af33cc h1:U9qPSI2PIWSS1VwoXQT9A3Wy9MM3WgvqSxFWenqJduM=
github.com/davecgh/go-spew v1.1.2-0.20180830191138-d8f796af33cc/go.mod h1:J7Y8YcW2NihsgmVo/mv3lAwl/skON4iLHjSsI+c5H38=
github.com/expgo/ag v0.0.0-20240329041217-9af97581a826 h1:Qx/Uc/sfah5GNYsDwvlF3l9TJT8uw53bhqm3djL1azE=
github.com/expgo/ag v0.0.0-20240329041217-9af97581a826/go.mod h1:OPdxDsAmIbyvOOMhO81rDBCndg/682xteqnbKYiuDxw=
github.com/expgo/ag v0.0.0-20240329085942-e4b9c9769cb7 h1:QBIEJOYIwfvRONnsdPz3WCSF0h73YxsGFMj3xJL0iNY=
github.com/expgo/ag v0.0.0-20240329085942-e4b9c9769cb7/go.mod h1:OPdxDsAmIbyvOOMhO81rDBCndg/682xteqnbKYiuDxw=
github.com/expgo/factory v0.0.0-20240327144822-6d2b1392e375 h1:gQGRQ+12psxyMyn06YKifkiLgc1gObUcdU0B4hASXVQ=
github.com/expgo/factory v0.0.0-20240327144822-6d2b1392e375/go.mod h1:Ssm7eO31wbEAzrn0fl/OoglFtPCgQ8WLSXUXAPmsMmw=
github.com/expgo/generic v0.0.0-20240323131353-339c0d4e5e11 h1:cWUgCuzaYf5WhAmgfsjQjAkug6357xree+yILbHUzIE=
github.com/expgo/generic v0.0.0-20240323131353-339c0d4e5e11/go.mod h1:Q3Y49UmlJcsKsmbWI6VA4+Z+N66PfJcSOPM+XC/N1y8=
github.com/expgo/structure v0.0.0-20240323135911-f5a9d5ef34ca h1:7iObTJirNoXgLjVJqoH+7KohNoJiX6nZF3vwdSUkVeI=
github.com/expgo/structure v0.0.0-20240323135911-f5a9d5ef34ca/go.mod h1:+TyxUwrs9+ZD9liPu7uO02NiWADfZs3zECNU/eWA2AM=
github.com/expr-lang/expr v1.16.3 h1:NLldf786GffptcXNxxJx5dQ+FzeWDKChBDqOOwyK8to=
github.com/expr-lang/expr v1.16.3/go.mod h1:uCkhfG+x7fcZ5A5sXHKuQ07jGZRl6J0FCAaf2k4PtVQ=
github.com/iancoleman/strcase v0.3.0 h1:nTXanmYxhfFAMjZL34Ov6gkzEsSJZ5DbhxWjvSASxEI=
github.com/iancoleman/strcase v0.3.0/go.mod h1:iwCmte+B7n89clKwxIoIXy/HfoL7AsD47ZCWhYzw7ho=
github.com/pmezard/go-difflib v1.0.1-0.20181226105442-5d4384ee4fb2 h1:Jamvg5psRIccs7FGNTlIRMkT8wgtp5eCXdBlqhYGL6U=
github.com/pmezard/go-difflib v1.0.1-0.20181226105442-5d4384ee4fb2/go.mod h1:iKH77koFhYxTK1pcRnkKkqfTogsbg7gZNVY4sRDYZ/4=
github.com/stretchr/testify v1.9.0 h1:HtqpIVDClZ4nwg75+f6Lvsy/wHu+3BoSGCbBAcpTsTg=
github.com/stretchr/testify v1.9.0/go.mod h1:r2ic/lqez/lEtzL7wO/rwa5dbSLXVDPFyf8C91i36aY=
gopkg.in/check.v1 v0.0.0-20161208181325-20d25e280405 h1:yhCVgyC4o1eVCa2tZl7eS0r+SDo693bJlVdllGtEeKM=
gopkg.in/check.v1 v0.0.0-20161208181325-20d25e280405/go.mod h1:Co6ibVJAznAaIkqp8huTwlJQCZ016jof/cbN4VW5Yz0=
gopkg.in/yaml.v3 v3.0.1 h1:fxVm/GzAzEWqLHuvctI91KS9hhNmmWOoWu0XTYJS7CA=
gopkg.in/yaml.v3 v3.0.1/go.mod h1:K4uyk7z7BCEPqu6E+C64Yfv1cQ7kz7rIZviUmN+EgEM=
